
Microsoft Visual Studio Solution File, Format Version 12.00
# Visual Studio Version 17
VisualStudioVersion = 17.11.35219.272
MinimumVisualStudioVersion = 10.0.40219.1
Project("{FAE04EC0-301F-11D3-BF4B-00C04F79EFBC}") = "Wep Page Calssifier", "Wep Page Calssifier\Wep Page Calssifier.csproj", "{AA101783-0735-4458-BA2A-3EA5402D79BD}"
EndProject
Global
	GlobalSection(SolutionConfigurationPlatforms) = preSolution
		Debug|Any CPU = Debug|Any CPU
		Release|Any CPU = Release|Any CPU
	EndGlobalSection
	GlobalSection(ProjectConfigurationPlatforms) = postSolution
		{AA101783-0735-4458-BA2A-3EA5402D79BD}.Debug|Any CPU.ActiveCfg = Debug|Any CPU
		{AA101783-0735-4458-BA2A-3EA5402D79BD}.Debug|Any CPU.Build.0 = Debug|Any CPU
		{AA101783-0735-4458-BA2A-3EA5402D79BD}.Release|Any CPU.ActiveCfg = Release|Any CPU
		{AA101783-0735-4458-BA2A-3EA5402D79BD}.Release|Any CPU.Build.0 = Release|Any CPU
	EndGlobalSection
	GlobalSection(SolutionProperties) = preSolution
		HideSolutionNode = FALSE
	EndGlobalSection
	GlobalSection(ExtensibilityGlobals) = postSolution
		SolutionGuid = {0E6ED4AD-54EA-42FB-99E3-053C36E9BCD2}
	EndGlobalSection
EndGlobal
